
Microsoft Visual Studio Solution File, Format Version 12.00
# Visual Studio Version 17
VisualStudioVersion = 17.12.35527.113
MinimumVisualStudioVersion = 10.0.40219.1
Project("{2150E333-8FDC-42A3-9474-1A3956D46DE8}") = "Consoles", "Consoles", "{9D5CFDE9-5312-4982-8885-1109B6552747}"
EndProject
Project("{FAE04EC0-301F-11D3-BF4B-00C04F79EFBC}") = "BarClip.Console", "BarClip.Console\BarClip.Console.csproj", "{F385C0BD-61E4-4A0E-A936-BC3BD4281F89}"
EndProject
Project("{FAE04EC0-301F-11D3-BF4B-00C04F79EFBC}") = "BarClip.Data", "BarClip.Data\BarClip.Data.csproj", "{41AB02FB-3805-4840-86CF-2C9AA2F978CF}"
EndProject
Project("{FAE04EC0-301F-11D3-BF4B-00C04F79EFBC}") = "BarClip.Core", "BarClip.Core\BarClip.Core.csproj", "{79E15490-160B-46D9-BEA9-A3560E141450}"
EndProject
Global
	GlobalSection(SolutionConfigurationPlatforms) = preSolution
		Debug|Any CPU = Debug|Any CPU
		Release|Any CPU = Release|Any CPU
	EndGlobalSection
	GlobalSection(ProjectConfigurationPlatforms) = postSolution
		{F385C0BD-61E4-4A0E-A936-BC3BD4281F89}.Debug|Any CPU.ActiveCfg = Debug|Any CPU
		{F385C0BD-61E4-4A0E-A936-BC3BD4281F89}.Debug|Any CPU.Build.0 = Debug|Any CPU
		{F385C0BD-61E4-4A0E-A936-BC3BD4281F89}.Release|Any CPU.ActiveCfg = Release|Any CPU
		{F385C0BD-61E4-4A0E-A936-BC3BD4281F89}.Release|Any CPU.Build.0 = Release|Any CPU
		{41AB02FB-3805-4840-86CF-2C9AA2F978CF}.Debug|Any CPU.ActiveCfg = Debug|Any CPU
		{41AB02FB-3805-4840-86CF-2C9AA2F978CF}.Debug|Any CPU.Build.0 = Debug|Any CPU
		{41AB02FB-3805-4840-86CF-2C9AA2F978CF}.Release|Any CPU.ActiveCfg = Release|Any CPU
		{41AB02FB-3805-4840-86CF-2C9AA2F978CF}.Release|Any CPU.Build.0 = Release|Any CPU
		{79E15490-160B-46D9-BEA9-A3560E141450}.Debug|Any CPU.ActiveCfg = Debug|Any CPU
		{79E15490-160B-46D9-BEA9-A3560E141450}.Debug|Any CPU.Build.0 = Debug|Any CPU
		{79E15490-160B-46D9-BEA9-A3560E141450}.Release|Any CPU.ActiveCfg = Release|Any CPU
		{79E15490-160B-46D9-BEA9-A3560E141450}.Release|Any CPU.Build.0 = Release|Any CPU
	EndGlobalSection
	GlobalSection(SolutionProperties) = preSolution
		HideSolutionNode = FALSE
	EndGlobalSection
	GlobalSection(NestedProjects) = preSolution
		{F385C0BD-61E4-4A0E-A936-BC3BD4281F89} = {9D5CFDE9-5312-4982-8885-1109B6552747}
	EndGlobalSection
EndGlobal
